
Microsoft Visual Studio Solution File, Format Version 12.00
# Visual Studio 2013
VisualStudioVersion = 12.0.30324.0
MinimumVisualStudioVersion = 10.0.40219.1
Project("{FAE04EC0-301F-11D3-BF4B-00C04F79EFBC}") = "TestWebEngine.Web", "TestWebEngine.Web\TestWebEngine.Web.csproj", "{49B24E2C-AB36-4E0A-A6FF-7CC25B534F29}"
EndProject
Project("{FAE04EC0-301F-11D3-BF4B-00C04F79EFBC}") = "TestWebEngine.Core", "TestWebEngine.Core\TestWebEngine.Core.csproj", "{E48DEC78-F39D-49BE-BDB0-CA7A41EC5F7B}"
EndProject
Project("{FAE04EC0-301F-11D3-BF4B-00C04F79EFBC}") = "TestWebEngine.Data", "TestWebEngine.Data\TestWebEngine.Data.csproj", "{4D08FD73-96D4-4AA0-9F27-125467BD282E}"
EndProject
Project("{FAE04EC0-301F-11D3-BF4B-00C04F79EFBC}") = "TestWebEngine.Services", "TestWebEngine.Services\TestWebEngine.Services.csproj", "{40C72169-8F8E-4DF3-B3BA-B0BD60DB796C}"
EndProject
Project("{2150E333-8FDC-42A3-9474-1A3956D46DE8}") = "Libs", "Libs", "{F49487F2-C222-4A5D-9EE8-0A396A2E1314}"
EndProject
Project("{2150E333-8FDC-42A3-9474-1A3956D46DE8}") = "Web", "Web", "{69AB4584-851F-48E5-983C-1AF38C7EA5F9}"
EndProject
Project("{2150E333-8FDC-42A3-9474-1A3956D46DE8}") = "Tests", "Tests", "{D35E42B5-3585-4F49-87B9-A880A2D4B833}"
EndProject
Project("{FAE04EC0-301F-11D3-BF4B-00C04F79EFBC}") = "TestWebEngine.Libs.Tests", "TestWebEngine.Libs.Tests\TestWebEngine.Libs.Tests.csproj", "{A83E6705-F603-4DAD-888C-72ACB923DE10}"
EndProject
Project("{FAE04EC0-301F-11D3-BF4B-00C04F79EFBC}") = "TestWebEngine.Web.Tests", "TestWebEngine.Web.Tests\TestWebEngine.Web.Tests.csproj", "{A0060143-732F-4B81-B984-3DDC9115CB26}"
EndProject
Project("{2150E333-8FDC-42A3-9474-1A3956D46DE8}") = "Utils", "Utils", "{9D129D22-E333-4D6C-9BA6-52C7F58EFA9D}"
EndProject
Project("{FAE04EC0-301F-11D3-BF4B-00C04F79EFBC}") = "TestWebEngine.Util", "TestWebEngine.Util\TestWebEngine.Util.csproj", "{DD5D0BC0-C901-44EC-A048-9229A9941BA7}"
EndProject
Project("{FAE04EC0-301F-11D3-BF4B-00C04F79EFBC}") = "TestWebEngine.Web.Extentions", "TestWebEngine.Web.Extentions\TestWebEngine.Web.Extentions.csproj", "{EDAE833D-BE3E-4CF4-92E4-A5C8DBF41579}"
EndProject
Project("{FAE04EC0-301F-11D3-BF4B-00C04F79EFBC}") = "TestWebEngine.Service.Statistics", "TestWebEngine.Service.Statistics\TestWebEngine.Service.Statistics.csproj", "{B3C91909-070F-4A87-B4C9-D52AD408061E}"
EndProject
Global
	GlobalSection(SolutionConfigurationPlatforms) = preSolution
		Debug|Any CPU = Debug|Any CPU
		Release|Any CPU = Release|Any CPU
	EndGlobalSection
	GlobalSection(ProjectConfigurationPlatforms) = postSolution
		{49B24E2C-AB36-4E0A-A6FF-7CC25B534F29}.Debug|Any CPU.ActiveCfg = Debug|Any CPU
		{49B24E2C-AB36-4E0A-A6FF-7CC25B534F29}.Debug|Any CPU.Build.0 = Debug|Any CPU
		{49B24E2C-AB36-4E0A-A6FF-7CC25B534F29}.Release|Any CPU.ActiveCfg = Release|Any CPU
		{49B24E2C-AB36-4E0A-A6FF-7CC25B534F29}.Release|Any CPU.Build.0 = Release|Any CPU
		{E48DEC78-F39D-49BE-BDB0-CA7A41EC5F7B}.Debug|Any CPU.ActiveCfg = Debug|Any CPU
		{E48DEC78-F39D-49BE-BDB0-CA7A41EC5F7B}.Debug|Any CPU.Build.0 = Debug|Any CPU
		{E48DEC78-F39D-49BE-BDB0-CA7A41EC5F7B}.Release|Any CPU.ActiveCfg = Release|Any CPU
		{E48DEC78-F39D-49BE-BDB0-CA7A41EC5F7B}.Release|Any CPU.Build.0 = Release|Any CPU
		{4D08FD73-96D4-4AA0-9F27-125467BD282E}.Debug|Any CPU.ActiveCfg = Debug|Any CPU
		{4D08FD73-96D4-4AA0-9F27-125467BD282E}.Debug|Any CPU.Build.0 = Debug|Any CPU
		{4D08FD73-96D4-4AA0-9F27-125467BD282E}.Release|Any CPU.ActiveCfg = Release|Any CPU
		{4D08FD73-96D4-4AA0-9F27-125467BD282E}.Release|Any CPU.Build.0 = Release|Any CPU
		{40C72169-8F8E-4DF3-B3BA-B0BD60DB796C}.Debug|Any CPU.ActiveCfg = Debug|Any CPU
		{40C72169-8F8E-4DF3-B3BA-B0BD60DB796C}.Debug|Any CPU.Build.0 = Debug|Any CPU
		{40C72169-8F8E-4DF3-B3BA-B0BD60DB796C}.Release|Any CPU.ActiveCfg = Release|Any CPU
		{40C72169-8F8E-4DF3-B3BA-B0BD60DB796C}.Release|Any CPU.Build.0 = Release|Any CPU
		{A83E6705-F603-4DAD-888C-72ACB923DE10}.Debug|Any CPU.ActiveCfg = Debug|Any CPU
		{A83E6705-F603-4DAD-888C-72ACB923DE10}.Debug|Any CPU.Build.0 = Debug|Any CPU
		{A83E6705-F603-4DAD-888C-72ACB923DE10}.Release|Any CPU.ActiveCfg = Release|Any CPU
		{A83E6705-F603-4DAD-888C-72ACB923DE10}.Release|Any CPU.Build.0 = Release|Any CPU
		{A0060143-732F-4B81-B984-3DDC9115CB26}.Debug|Any CPU.ActiveCfg = Debug|Any CPU
		{A0060143-732F-4B81-B984-3DDC9115CB26}.Debug|Any CPU.Build.0 = Debug|Any CPU
		{A0060143-732F-4B81-B984-3DDC9115CB26}.Release|Any CPU.ActiveCfg = Release|Any CPU
		{A0060143-732F-4B81-B984-3DDC9115CB26}.Release|Any CPU.Build.0 = Release|Any CPU
		{DD5D0BC0-C901-44EC-A048-9229A9941BA7}.Debug|Any CPU.ActiveCfg = Debug|Any CPU
		{DD5D0BC0-C901-44EC-A048-9229A9941BA7}.Debug|Any CPU.Build.0 = Debug|Any CPU
		{DD5D0BC0-C901-44EC-A048-9229A9941BA7}.Release|Any CPU.ActiveCfg = Release|Any CPU
		{DD5D0BC0-C901-44EC-A048-9229A9941BA7}.Release|Any CPU.Build.0 = Release|Any CPU
		{EDAE833D-BE3E-4CF4-92E4-A5C8DBF41579}.Debug|Any CPU.ActiveCfg = Debug|Any CPU
		{EDAE833D-BE3E-4CF4-92E4-A5C8DBF41579}.Debug|Any CPU.Build.0 = Debug|Any CPU
		{EDAE833D-BE3E-4CF4-92E4-A5C8DBF41579}.Release|Any CPU.ActiveCfg = Release|Any CPU
		{EDAE833D-BE3E-4CF4-92E4-A5C8DBF41579}.Release|Any CPU.Build.0 = Release|Any CPU
		{B3C91909-070F-4A87-B4C9-D52AD408061E}.Debug|Any CPU.ActiveCfg = Debug|Any CPU
		{B3C91909-070F-4A87-B4C9-D52AD408061E}.Debug|Any CPU.Build.0 = Debug|Any CPU
		{B3C91909-070F-4A87-B4C9-D52AD408061E}.Release|Any CPU.ActiveCfg = Release|Any CPU
		{B3C91909-070F-4A87-B4C9-D52AD408061E}.Release|Any CPU.Build.0 = Release|Any CPU
	EndGlobalSection
	GlobalSection(SolutionProperties) = preSolution
		HideSolutionNode = FALSE
	EndGlobalSection
	GlobalSection(NestedProjects) = preSolution
		{49B24E2C-AB36-4E0A-A6FF-7CC25B534F29} = {69AB4584-851F-48E5-983C-1AF38C7EA5F9}
		{E48DEC78-F39D-49BE-BDB0-CA7A41EC5F7B} = {F49487F2-C222-4A5D-9EE8-0A396A2E1314}
		{4D08FD73-96D4-4AA0-9F27-125467BD282E} = {F49487F2-C222-4A5D-9EE8-0A396A2E1314}
		{40C72169-8F8E-4DF3-B3BA-B0BD60DB796C} = {F49487F2-C222-4A5D-9EE8-0A396A2E1314}
		{A83E6705-F603-4DAD-888C-72ACB923DE10} = {D35E42B5-3585-4F49-87B9-A880A2D4B833}
		{A0060143-732F-4B81-B984-3DDC9115CB26} = {D35E42B5-3585-4F49-87B9-A880A2D4B833}
		{DD5D0BC0-C901-44EC-A048-9229A9941BA7} = {9D129D22-E333-4D6C-9BA6-52C7F58EFA9D}
		{EDAE833D-BE3E-4CF4-92E4-A5C8DBF41579} = {69AB4584-851F-48E5-983C-1AF38C7EA5F9}
		{B3C91909-070F-4A87-B4C9-D52AD408061E} = {69AB4584-851F-48E5-983C-1AF38C7EA5F9}
	EndGlobalSection
EndGlobal
